{
    "name": "@jeefo/material",
    "lockfileVersion": 2,
    "requires": true,
    "packages": {
        "": {
            "devDependencies": {
                "@jeefo/fs": "^0.0.10"
            }
        },
        "node_modules/@jeefo/fs": {
            "version": "0.0.10",
            "resolved": "https://registry.npmjs.org/@jeefo/fs/-/fs-0.0.10.tgz",
            "integrity": "sha512-9ShX+6X8Dd18B7XCwGG6WxQEAL1ZoPokBoJ5hvMuy6s2wFVEAth7PLbLpVuHwNECxQhsi0vDjcu9ktzR8+z22Q==",
            "dev": true,
            "dependencies": {
                "@jeefo/utils": "0.0.9"
            }
        },
        "node_modules/@jeefo/utils": {
            "version": "0.0.9",
            "resolved": "https://registry.npmjs.org/@jeefo/utils/-/utils-0.0.9.tgz",
            "integrity": "sha512-o4lFyl+vjl0tvGOpmj8GedWYi87w3nNm2Ug4P6lZC0r3pcgkwTXGyAzU2ZMDLic3eJ5cqdm3PwxgHgDtwFxK3w==",
            "dev": true
        }
    },
    "dependencies": {
        "@jeefo/fs": {
            "version": "0.0.10",
            "resolved": "https://registry.npmjs.org/@jeefo/fs/-/fs-0.0.10.tgz",
            "integrity": "sha512-9ShX+6X8Dd18B7XCwGG6WxQEAL1ZoPokBoJ5hvMuy6s2wFVEAth7PLbLpVuHwNECxQhsi0vDjcu9ktzR8+z22Q==",
            "dev": true,
            "requires": {
                "@jeefo/utils": "0.0.9"
            }
        },
        "@jeefo/utils": {
            "version": "0.0.9",
            "resolved": "https://registry.npmjs.org/@jeefo/utils/-/utils-0.0.9.tgz",
            "integrity": "sha512-o4lFyl+vjl0tvGOpmj8GedWYi87w3nNm2Ug4P6lZC0r3pcgkwTXGyAzU2ZMDLic3eJ5cqdm3PwxgHgDtwFxK3w==",
            "dev": true
        }
    }
}
